
Microsoft Visual Studio Solution File, Format Version 12.00
# Visual Studio Version 17
VisualStudioVersion = 17.14.36310.24
MinimumVisualStudioVersion = 10.0.40219.1
Project("{FAE04EC0-301F-11D3-BF4B-00C04F79EFBC}") = "Solidworks Addin", "Solidworks Addin.csproj", "{726B4113-46B3-431B-850C-B2509B38F4E8}"
EndProject
Project("{54435603-DBB4-11D2-8724-00A0C9A8B90C}") = "MySolidworksAddin.SetupWizard", "..\MySolidworksAddin.SetupWizard\MySolidworksAddin.SetupWizard.vdproj", "{358B2F16-AFAC-7D3B-A683-AC722482F328}"
EndProject
Global
	GlobalSection(SolutionConfigurationPlatforms) = preSolution
		Debug|Any CPU = Debug|Any CPU
		Release|Any CPU = Release|Any CPU
	EndGlobalSection
	GlobalSection(ProjectConfigurationPlatforms) = postSolution
		{726B4113-46B3-431B-850C-B2509B38F4E8}.Debug|Any CPU.ActiveCfg = Debug|Any CPU
		{726B4113-46B3-431B-850C-B2509B38F4E8}.Debug|Any CPU.Build.0 = Debug|Any CPU
		{726B4113-46B3-431B-850C-B2509B38F4E8}.Release|Any CPU.ActiveCfg = Release|Any CPU
		{726B4113-46B3-431B-850C-B2509B38F4E8}.Release|Any CPU.Build.0 = Release|Any CPU
		{358B2F16-AFAC-7D3B-A683-AC722482F328}.Debug|Any CPU.ActiveCfg = Debug
		{358B2F16-AFAC-7D3B-A683-AC722482F328}.Release|Any CPU.ActiveCfg = Release
	EndGlobalSection
	GlobalSection(SolutionProperties) = preSolution
		HideSolutionNode = FALSE
	EndGlobalSection
	GlobalSection(ExtensibilityGlobals) = postSolution
		SolutionGuid = {DF991F6F-AA55-4EED-A6DE-245CA4C934AC}
	EndGlobalSection
EndGlobal
